
Microsoft Visual Studio Solution File, Format Version 12.00
# Visual Studio 14
VisualStudioVersion = 14.0.25420.1
MinimumVisualStudioVersion = 10.0.40219.1
Project("{F184B08F-C81C-45F6-A57F-5ABD9991F28F}") = "Movieo Beta", "Odeum Beta\Movieo Beta.vbproj", "{E4CF33BC-C606-478C-9A8D-8619BFEEF087}"
EndProject
Project("{F184B08F-C81C-45F6-A57F-5ABD9991F28F}") = "CButtonLib", "..\..\..\..\Documents\Visual Studio 2015\- Plugins\CButton\CButton\CButtonLib.vbproj", "{24116FE6-8501-45F0-ADD0-67FFFB037BAF}"
EndProject
Project("{FAE04EC0-301F-11D3-BF4B-00C04F79EFBC}") = "ChreneLib", "..\..\..\..\Documents\Visual Studio 2015\- Plugins\ChreneLib\ChreneLib.csproj", "{C636A9AF-6648-4CC6-9905-A972CFBCEE09}"
EndProject
Global
	GlobalSection(SolutionConfigurationPlatforms) = preSolution
		Debug|Any CPU = Debug|Any CPU
		Debug|x86 = Debug|x86
		Release|Any CPU = Release|Any CPU
		Release|x86 = Release|x86
	EndGlobalSection
	GlobalSection(ProjectConfigurationPlatforms) = postSolution
		{E4CF33BC-C606-478C-9A8D-8619BFEEF087}.Debug|Any CPU.ActiveCfg = Debug|Any CPU
		{E4CF33BC-C606-478C-9A8D-8619BFEEF087}.Debug|Any CPU.Build.0 = Debug|Any CPU
		{E4CF33BC-C606-478C-9A8D-8619BFEEF087}.Debug|x86.ActiveCfg = Debug|Any CPU
		{E4CF33BC-C606-478C-9A8D-8619BFEEF087}.Debug|x86.Build.0 = Debug|Any CPU
		{E4CF33BC-C606-478C-9A8D-8619BFEEF087}.Release|Any CPU.ActiveCfg = Release|Any CPU
		{E4CF33BC-C606-478C-9A8D-8619BFEEF087}.Release|Any CPU.Build.0 = Release|Any CPU
		{E4CF33BC-C606-478C-9A8D-8619BFEEF087}.Release|x86.ActiveCfg = Release|Any CPU
		{E4CF33BC-C606-478C-9A8D-8619BFEEF087}.Release|x86.Build.0 = Release|Any CPU
		{24116FE6-8501-45F0-ADD0-67FFFB037BAF}.Debug|Any CPU.ActiveCfg = Debug|Any CPU
		{24116FE6-8501-45F0-ADD0-67FFFB037BAF}.Debug|Any CPU.Build.0 = Debug|Any CPU
		{24116FE6-8501-45F0-ADD0-67FFFB037BAF}.Debug|x86.ActiveCfg = Debug|Any CPU
		{24116FE6-8501-45F0-ADD0-67FFFB037BAF}.Debug|x86.Build.0 = Debug|Any CPU
		{24116FE6-8501-45F0-ADD0-67FFFB037BAF}.Release|Any CPU.ActiveCfg = Release|Any CPU
		{24116FE6-8501-45F0-ADD0-67FFFB037BAF}.Release|Any CPU.Build.0 = Release|Any CPU
		{24116FE6-8501-45F0-ADD0-67FFFB037BAF}.Release|x86.ActiveCfg = Release|Any CPU
		{24116FE6-8501-45F0-ADD0-67FFFB037BAF}.Release|x86.Build.0 = Release|Any CPU
		{C636A9AF-6648-4CC6-9905-A972CFBCEE09}.Debug|Any CPU.ActiveCfg = Debug|Any CPU
		{C636A9AF-6648-4CC6-9905-A972CFBCEE09}.Debug|Any CPU.Build.0 = Debug|Any CPU
		{C636A9AF-6648-4CC6-9905-A972CFBCEE09}.Debug|x86.ActiveCfg = Debug|Any CPU
		{C636A9AF-6648-4CC6-9905-A972CFBCEE09}.Debug|x86.Build.0 = Debug|Any CPU
		{C636A9AF-6648-4CC6-9905-A972CFBCEE09}.Release|Any CPU.ActiveCfg = Release|Any CPU
		{C636A9AF-6648-4CC6-9905-A972CFBCEE09}.Release|Any CPU.Build.0 = Release|Any CPU
		{C636A9AF-6648-4CC6-9905-A972CFBCEE09}.Release|x86.ActiveCfg = Release|Any CPU
		{C636A9AF-6648-4CC6-9905-A972CFBCEE09}.Release|x86.Build.0 = Release|Any CPU
	EndGlobalSection
	GlobalSection(SolutionProperties) = preSolution
		HideSolutionNode = FALSE
	EndGlobalSection
EndGlobal
